{
  "version": "5",
  "specifiers": {
    "jsr:@deno/graph@~0.89.2": "0.89.4",
    "jsr:@std/collections@*": "1.2.0",
    "jsr:@std/collections@^1.2.0": "1.2.0",
    "jsr:@std/fmt@*": "1.0.10",
    "jsr:@std/fmt@^1.0.10": "1.0.10",
    "jsr:@std/fs@*": "1.0.24",
    "jsr:@std/fs@^1.0.24": "1.0.24",
    "jsr:@std/internal@^1.0.14": "1.0.14",
    "jsr:@std/path@^1.1.5": "1.1.5",
    "jsr:@std/semver@^1.0.8": "1.0.8",
    "npm:node-graphviz@~0.1.1": "0.1.1",
    "npm:typescript@5.8.3": "5.8.3",
    "npm:zx@*": "8.8.5"
  },
  "jsr": {
    "@deno/graph@0.89.4": {
      "integrity": "31672e88464c44682b3aaabbd5f826c9b80f2ffb514a3be4e432132e69bf98a8"
    },
    "@std/collections@1.2.0": {
      "integrity": "47627a21d3a13138b77fd0e4d790ba9d2e603c3510b686cde6b132fe9aa98a88"
    },
    "@std/fmt@1.0.10": {
      "integrity": "90dfba288802ac6de82fb31d0917eb9e4450b9925b954d5e51fc29ac07419db5"
    },
    "@std/fs@1.0.24": {
      "integrity": "f3061b45b81673a2bece689da041df32d174be064c89eb6397fb5718d3fb7877",
      "dependencies": [
        "jsr:@std/path"
      ]
    },
    "@std/internal@1.0.14": {
      "integrity": "291516b3d4c35024d6ffbc0a9df5bf4c64116e05b50012cf846710152d2ffdf7"
    },
    "@std/path@1.1.5": {
      "integrity": "ccea00982ea28c36becaf6e62f855406c76a8c32d462f66f415bbb7d83a271bc",
      "dependencies": [
        "jsr:@std/internal"
      ]
    },
    "@std/semver@1.0.8": {
      "integrity": "dc830e8b8b6a380c895d53fbfd1258dc253704ca57bbe1629ac65fd7830179b7"
    }
  },
  "npm": {
    "node-graphviz@0.1.1": {
      "integrity": "sha512-riY8/pFGSD1ipmyzqCwuN2M6W02ELfuLDjhJvTrQCUS/15tyU8ExkC96mlQrNLBK8Ws0z8PdH+ChBT6DuPFWWA=="
    },
    "typescript@5.8.3": {
      "integrity": "sha512-p1diW6TqL9L07nNxvRMM7hMMw4c5XOo/1ibL4aAIGmSAt9slTE1Xgw5KWuof2uTOvCg9BY7ZRi+GaF+7sfgPeQ==",
      "bin": true
    },
    "zx@8.8.5": {
      "integrity": "sha512-SNgDF5L0gfN7FwVOdEFguY3orU5AkfFZm9B5YSHog/UDHv+lvmd82ZAsOenOkQixigwH2+yyH198AwNdKhj+RA==",
      "bin": true
    }
  },
  "workspace": {
    "dependencies": [
      "jsr:@deno/graph@~0.89.2",
      "jsr:@std/collections@^1.2.0",
      "jsr:@std/fmt@^1.0.10",
      "jsr:@std/fs@^1.0.24",
      "jsr:@std/path@^1.1.5",
      "jsr:@std/semver@^1.0.8",
      "jsr:@webdetta/context@0.1",
      "npm:node-graphviz@~0.1.1",
      "npm:typescript@5.8.3",
      "npm:zx@*"
    ]
  }
}
